
Microsoft Visual Studio Solution File, Format Version 12.00
# Visual Studio 15
VisualStudioVersion = 15.0.27004.2009
MinimumVisualStudioVersion = 10.0.40219.1
Project("{8BC9CEB8-8B4A-11D0-8D11-00A0C91BC942}") = "UIAPerformanceTester", "UIAPerformanceTester\UIAPerformanceTester.vcxproj", "{46A0085C-46AE-40D4-B694-E8B9D31DCF62}"
EndProject
Global
	GlobalSection(SolutionConfigurationPlatforms) = preSolution
		Debug|x64 = Debug|x64
		Debug|x86 = Debug|x86
		Release|x64 = Release|x64
		Release|x86 = Release|x86
	EndGlobalSection
	GlobalSection(ProjectConfigurationPlatforms) = postSolution
		{46A0085C-46AE-40D4-B694-E8B9D31DCF62}.Debug|x64.ActiveCfg = Debug|x64
		{46A0085C-46AE-40D4-B694-E8B9D31DCF62}.Debug|x64.Build.0 = Debug|x64
		{46A0085C-46AE-40D4-B694-E8B9D31DCF62}.Debug|x86.ActiveCfg = Debug|Win32
		{46A0085C-46AE-40D4-B694-E8B9D31DCF62}.Debug|x86.Build.0 = Debug|Win32
		{46A0085C-46AE-40D4-B694-E8B9D31DCF62}.Release|x64.ActiveCfg = Release|x64
		{46A0085C-46AE-40D4-B694-E8B9D31DCF62}.Release|x64.Build.0 = Release|x64
		{46A0085C-46AE-40D4-B694-E8B9D31DCF62}.Release|x86.ActiveCfg = Release|Win32
		{46A0085C-46AE-40D4-B694-E8B9D31DCF62}.Release|x86.Build.0 = Release|Win32
	EndGlobalSection
	GlobalSection(SolutionProperties) = preSolution
		HideSolutionNode = FALSE
	EndGlobalSection
	GlobalSection(ExtensibilityGlobals) = postSolution
		SolutionGuid = {A4056411-4E86-414D-A667-5D8536884DC8}
	EndGlobalSection
EndGlobal
